
Microsoft Visual Studio Solution File, Format Version 12.00
# Visual Studio Version 17
VisualStudioVersion = 17.7.34031.279
MinimumVisualStudioVersion = 10.0.40219.1
Project("{FAE04EC0-301F-11D3-BF4B-00C04F79EFBC}") = "6section1.4", "6section1.4\6section1.4.csproj", "{6BC8C8E7-83A1-41D2-AE2F-5A6B58021C32}"
EndProject
Global
	GlobalSection(SolutionConfigurationPlatforms) = preSolution
		Debug|Any CPU = Debug|Any CPU
		Release|Any CPU = Release|Any CPU
	EndGlobalSection
	GlobalSection(ProjectConfigurationPlatforms) = postSolution
		{6BC8C8E7-83A1-41D2-AE2F-5A6B58021C32}.Debug|Any CPU.ActiveCfg = Debug|Any CPU
		{6BC8C8E7-83A1-41D2-AE2F-5A6B58021C32}.Debug|Any CPU.Build.0 = Debug|Any CPU
		{6BC8C8E7-83A1-41D2-AE2F-5A6B58021C32}.Release|Any CPU.ActiveCfg = Release|Any CPU
		{6BC8C8E7-83A1-41D2-AE2F-5A6B58021C32}.Release|Any CPU.Build.0 = Release|Any CPU
	EndGlobalSection
	GlobalSection(SolutionProperties) = preSolution
		HideSolutionNode = FALSE
	EndGlobalSection
	GlobalSection(ExtensibilityGlobals) = postSolution
		SolutionGuid = {70A92796-1E9A-4A52-81C2-5226729451CB}
	EndGlobalSection
EndGlobal
